version = 1
manifest_fingerprint = "etas-lock-input:v1|package=std-req-http-external-root-api-effect-facts|version=0.1.0|edition=2026|dependency:edk_http:import=edk.http,path=../../../../../packages/edk-http|dependency:std:version=0.1"

[[package]]
name = "edk-http"
version = "0.1.0"
source = "vendor+.etas/vendor/edk/http"
checksum = "blake3:12cdb75745c466067669f5e678c6a574f881fc774a9dac5128f3d713e7087c12"
dependencies = ["std|std|0.1.0"]
import_root = "edk.http"
metadata_fingerprint = "blake3:d4c666eda5b89f5450ecb36ae8fbcfecec7458ac8d715ac55cdb68ea1d30cf3d"

[[package]]
name = "std"
version = "0.1.0"
source = "builtin"
checksum = "builtin:std"
dependencies = []
import_root = "std"
metadata_fingerprint = "builtin:std"
