version = 1
manifest_fingerprint = "etas-lock-input:v1|package=edk-email|version=0.1.0|edition=2026|dependency:edk_http:import=edk.http,path=../edk-http|dependency:std:version=0.1"

[[package]]
name = "edk-http"
version = "0.1.0"
source = "vendor+.etas/vendor/edk/http"
checksum = "blake3:86e61ae25a613590f2faeb8fe475d003d117df02712ad5746b1305153bb93efd"
dependencies = ["std|std|0.1.0"]
import_root = "edk.http"
metadata_fingerprint = "blake3:93c1d7a8b505fcf0d17f79d31d8b853ffbf665a0f48b988db82d42126bc2c413"

[[package]]
name = "std"
version = "0.1.0"
source = "builtin"
checksum = "builtin:std"
dependencies = []
import_root = "std"
metadata_fingerprint = "builtin:std"
