version = 1
manifest_fingerprint = "etas-lock-input:v1|package=std-req-http-stream-substrate|version=0.1.0|edition=2026|dependency:std:version=0.1"

[[package]]
name = "std"
version = "0.1.0"
source = "builtin"
checksum = "builtin:std"
dependencies = []
import_root = "std"
metadata_fingerprint = "builtin:std"
