version = 1
manifest_fingerprint = "etas-lock-input:v1|package=std-req-http-edk-request-contract|version=0.1.0|edition=2026|dependency:edk_http:import=edk.http,path=../../../../packages/edk-http|dependency:std:version=0.1"

[[package]]
name = "edk-http"
version = "0.1.0"
source = "vendor+.etas/vendor/edk/http"
checksum = "blake3:89fc4b6b3053a979b1567688aa1b32913fbd47f6d72317ae7b0a98e72f136af1"
dependencies = ["std|std|0.1.0"]
import_root = "edk.http"
metadata_fingerprint = "blake3:41334988625ca479bc5a216b824efcb10e9ef34578e6bb4b4aa880ddddbe3ee7"

[[package]]
name = "std"
version = "0.1.0"
source = "builtin"
checksum = "builtin:std"
dependencies = []
import_root = "std"
metadata_fingerprint = "builtin:std"
