version = 1
manifest_fingerprint = "etas-lock-input:v1|package=std-req-http-unhandled-action-no-handler|version=0.1.0|edition=2026|dependency:edk_http:import=edk.http,path=../../../../packages/edk-http|dependency:std:version=0.1"

[[package]]
name = "edk-http"
version = "0.1.0"
source = "vendor+.etas/vendor/edk/http"
checksum = "blake3:4e5cfe6d433c46113ada750202cf3c42cab20fa75f43807c42f8a7f3475e30da"
dependencies = ["std|std|0.1.0"]
import_root = "edk.http"
metadata_fingerprint = "blake3:f182f77028777f53ba360c63808074fec608b2c5386b2170a82b6422631e50c3"

[[package]]
name = "std"
version = "0.1.0"
source = "builtin"
checksum = "builtin:std"
dependencies = []
import_root = "std"
metadata_fingerprint = "builtin:std"
